
Microsoft Visual Studio Solution File, Format Version 12.00
# Visual Studio 15
Project("{FAE04EC0-301F-11D3-BF4B-00C04F79EFBC}") = "Assembly-CSharp", "Assembly-CSharp.csproj", "{A9031D73-F020-EFEE-3030-67EAA89A7D95}"
EndProject
Project("{FAE04EC0-301F-11D3-BF4B-00C04F79EFBC}") = "PhotonUnityNetworking.Utilities", "PhotonUnityNetworking.Utilities.csproj", "{047119D7-BF41-BF8F-8E12-C46EE905A033}"
EndProject
Project("{FAE04EC0-301F-11D3-BF4B-00C04F79EFBC}") = "PhotonChat", "PhotonChat.csproj", "{ACA87F85-DA89-04B4-7E34-CE97ECC138F1}"
EndProject
Project("{FAE04EC0-301F-11D3-BF4B-00C04F79EFBC}") = "PhotonUnityNetworking", "PhotonUnityNetworking.csproj", "{4A998427-D86C-31E9-3A14-6060FCB89E4C}"
EndProject
Project("{FAE04EC0-301F-11D3-BF4B-00C04F79EFBC}") = "PhotonRealtime", "PhotonRealtime.csproj", "{473741A2-37EB-BF3A-453B-ADF310409AE8}"
EndProject
Project("{FAE04EC0-301F-11D3-BF4B-00C04F79EFBC}") = "PhotonWebSocket", "PhotonWebSocket.csproj", "{33F9141C-EDD2-EEE3-A494-1BC2FDA7EDF8}"
EndProject
Project("{FAE04EC0-301F-11D3-BF4B-00C04F79EFBC}") = "PhotonUnityNetworking.Editor", "PhotonUnityNetworking.Editor.csproj", "{26E3E51B-F36D-643C-B4BB-724E9E81D6D5}"
EndProject
Project("{FAE04EC0-301F-11D3-BF4B-00C04F79EFBC}") = "Assembly-CSharp-Editor", "Assembly-CSharp-Editor.csproj", "{9C5647DB-A8D3-F152-4922-B6E843B604A9}"
EndProject
Project("{FAE04EC0-301F-11D3-BF4B-00C04F79EFBC}") = "PhotonUnityNetworking.Utilities.PhotonPlayer.Editor", "PhotonUnityNetworking.Utilities.PhotonPlayer.Editor.csproj", "{6CFFC878-6C3E-5AE4-BB0B-58ADB135EDCD}"
EndProject
Project("{FAE04EC0-301F-11D3-BF4B-00C04F79EFBC}") = "PhotonUnityNetworking.Utilities.Culling.Editor", "PhotonUnityNetworking.Utilities.Culling.Editor.csproj", "{3131B2D2-32E7-CAC2-657A-8D9E7DC17774}"
EndProject
Global
	GlobalSection(SolutionConfigurationPlatforms) = preSolution
		Debug|Any CPU = Debug|Any CPU
		Release|Any CPU = Release|Any CPU
	EndGlobalSection
	GlobalSection(ProjectConfigurationPlatforms) = postSolution
		{A9031D73-F020-EFEE-3030-67EAA89A7D95}.Debug|Any CPU.ActiveCfg = Debug|Any CPU
		{A9031D73-F020-EFEE-3030-67EAA89A7D95}.Debug|Any CPU.Build.0 = Debug|Any CPU
		{A9031D73-F020-EFEE-3030-67EAA89A7D95}.Release|Any CPU.ActiveCfg = Release|Any CPU
		{A9031D73-F020-EFEE-3030-67EAA89A7D95}.Release|Any CPU.Build.0 = Release|Any CPU
		{047119D7-BF41-BF8F-8E12-C46EE905A033}.Debug|Any CPU.ActiveCfg = Debug|Any CPU
		{047119D7-BF41-BF8F-8E12-C46EE905A033}.Debug|Any CPU.Build.0 = Debug|Any CPU
		{047119D7-BF41-BF8F-8E12-C46EE905A033}.Release|Any CPU.ActiveCfg = Release|Any CPU
		{047119D7-BF41-BF8F-8E12-C46EE905A033}.Release|Any CPU.Build.0 = Release|Any CPU
		{ACA87F85-DA89-04B4-7E34-CE97ECC138F1}.Debug|Any CPU.ActiveCfg = Debug|Any CPU
		{ACA87F85-DA89-04B4-7E34-CE97ECC138F1}.Debug|Any CPU.Build.0 = Debug|Any CPU
		{ACA87F85-DA89-04B4-7E34-CE97ECC138F1}.Release|Any CPU.ActiveCfg = Release|Any CPU
		{ACA87F85-DA89-04B4-7E34-CE97ECC138F1}.Release|Any CPU.Build.0 = Release|Any CPU
		{4A998427-D86C-31E9-3A14-6060FCB89E4C}.Debug|Any CPU.ActiveCfg = Debug|Any CPU
		{4A998427-D86C-31E9-3A14-6060FCB89E4C}.Debug|Any CPU.Build.0 = Debug|Any CPU
		{4A998427-D86C-31E9-3A14-6060FCB89E4C}.Release|Any CPU.ActiveCfg = Release|Any CPU
		{4A998427-D86C-31E9-3A14-6060FCB89E4C}.Release|Any CPU.Build.0 = Release|Any CPU
		{473741A2-37EB-BF3A-453B-ADF310409AE8}.Debug|Any CPU.ActiveCfg = Debug|Any CPU
		{473741A2-37EB-BF3A-453B-ADF310409AE8}.Debug|Any CPU.Build.0 = Debug|Any CPU
		{473741A2-37EB-BF3A-453B-ADF310409AE8}.Release|Any CPU.ActiveCfg = Release|Any CPU
		{473741A2-37EB-BF3A-453B-ADF310409AE8}.Release|Any CPU.Build.0 = Release|Any CPU
		{33F9141C-EDD2-EEE3-A494-1BC2FDA7EDF8}.Debug|Any CPU.ActiveCfg = Debug|Any CPU
		{33F9141C-EDD2-EEE3-A494-1BC2FDA7EDF8}.Debug|Any CPU.Build.0 = Debug|Any CPU
		{33F9141C-EDD2-EEE3-A494-1BC2FDA7EDF8}.Release|Any CPU.ActiveCfg = Release|Any CPU
		{33F9141C-EDD2-EEE3-A494-1BC2FDA7EDF8}.Release|Any CPU.Build.0 = Release|Any CPU
		{26E3E51B-F36D-643C-B4BB-724E9E81D6D5}.Debug|Any CPU.ActiveCfg = Debug|Any CPU
		{26E3E51B-F36D-643C-B4BB-724E9E81D6D5}.Debug|Any CPU.Build.0 = Debug|Any CPU
		{26E3E51B-F36D-643C-B4BB-724E9E81D6D5}.Release|Any CPU.ActiveCfg = Release|Any CPU
		{26E3E51B-F36D-643C-B4BB-724E9E81D6D5}.Release|Any CPU.Build.0 = Release|Any CPU
		{9C5647DB-A8D3-F152-4922-B6E843B604A9}.Debug|Any CPU.ActiveCfg = Debug|Any CPU
		{9C5647DB-A8D3-F152-4922-B6E843B604A9}.Debug|Any CPU.Build.0 = Debug|Any CPU
		{9C5647DB-A8D3-F152-4922-B6E843B604A9}.Release|Any CPU.ActiveCfg = Release|Any CPU
		{9C5647DB-A8D3-F152-4922-B6E843B604A9}.Release|Any CPU.Build.0 = Release|Any CPU
		{6CFFC878-6C3E-5AE4-BB0B-58ADB135EDCD}.Debug|Any CPU.ActiveCfg = Debug|Any CPU
		{6CFFC878-6C3E-5AE4-BB0B-58ADB135EDCD}.Debug|Any CPU.Build.0 = Debug|Any CPU
		{6CFFC878-6C3E-5AE4-BB0B-58ADB135EDCD}.Release|Any CPU.ActiveCfg = Release|Any CPU
		{6CFFC878-6C3E-5AE4-BB0B-58ADB135EDCD}.Release|Any CPU.Build.0 = Release|Any CPU
		{3131B2D2-32E7-CAC2-657A-8D9E7DC17774}.Debug|Any CPU.ActiveCfg = Debug|Any CPU
		{3131B2D2-32E7-CAC2-657A-8D9E7DC17774}.Debug|Any CPU.Build.0 = Debug|Any CPU
		{3131B2D2-32E7-CAC2-657A-8D9E7DC17774}.Release|Any CPU.ActiveCfg = Release|Any CPU
		{3131B2D2-32E7-CAC2-657A-8D9E7DC17774}.Release|Any CPU.Build.0 = Release|Any CPU
	EndGlobalSection
	GlobalSection(SolutionProperties) = preSolution
		HideSolutionNode = FALSE
	EndGlobalSection
EndGlobal
