
Microsoft Visual Studio Solution File, Format Version 12.00
# Visual Studio 15
Project("{FAE04EC0-301F-11D3-BF4B-00C04F79EFBC}") = "Assembly-CSharp", "Assembly-CSharp.csproj", "{D25FD047-9C5D-53A6-41D7-A5AEE8A93FD1}"
EndProject
Project("{FAE04EC0-301F-11D3-BF4B-00C04F79EFBC}") = "PhotonUnityNetworking.Utilities", "PhotonUnityNetworking.Utilities.csproj", "{808032B1-BE09-B85E-3187-58C0B4263CA3}"
EndProject
Project("{FAE04EC0-301F-11D3-BF4B-00C04F79EFBC}") = "PhotonChat", "PhotonChat.csproj", "{AE13DE20-23DB-EBFE-7B78-C216C04A8F74}"
EndProject
Project("{FAE04EC0-301F-11D3-BF4B-00C04F79EFBC}") = "PhotonUnityNetworking", "PhotonUnityNetworking.csproj", "{5A93EC46-A765-85B5-5E29-C6B2027831F6}"
EndProject
Project("{FAE04EC0-301F-11D3-BF4B-00C04F79EFBC}") = "PhotonRealtime", "PhotonRealtime.csproj", "{2971DE3A-564A-8176-86E3-E30D5AAA1F88}"
EndProject
Project("{FAE04EC0-301F-11D3-BF4B-00C04F79EFBC}") = "PhotonWebSocket", "PhotonWebSocket.csproj", "{97CCCADF-9104-B331-6A79-09F63E0EB4A3}"
EndProject
Project("{FAE04EC0-301F-11D3-BF4B-00C04F79EFBC}") = "PhotonUnityNetworking.Editor", "PhotonUnityNetworking.Editor.csproj", "{E4517AD3-F86A-64E5-0B62-5AD4F798362D}"
EndProject
Project("{FAE04EC0-301F-11D3-BF4B-00C04F79EFBC}") = "Assembly-CSharp-Editor", "Assembly-CSharp-Editor.csproj", "{8B44F0F7-5375-FC6D-93FD-387ECBB64CA8}"
EndProject
Project("{FAE04EC0-301F-11D3-BF4B-00C04F79EFBC}") = "PhotonUnityNetworking.Utilities.PhotonPlayer.Editor", "PhotonUnityNetworking.Utilities.PhotonPlayer.Editor.csproj", "{D0BA72F9-A687-F4F3-0D8F-944FEBCCC2FE}"
EndProject
Project("{FAE04EC0-301F-11D3-BF4B-00C04F79EFBC}") = "PhotonUnityNetworking.Utilities.Culling.Editor", "PhotonUnityNetworking.Utilities.Culling.Editor.csproj", "{9B5504E5-764A-C8D0-0DA2-20C377F4CBFA}"
EndProject
Global
	GlobalSection(SolutionConfigurationPlatforms) = preSolution
		Debug|Any CPU = Debug|Any CPU
		Release|Any CPU = Release|Any CPU
	EndGlobalSection
	GlobalSection(ProjectConfigurationPlatforms) = postSolution
		{D25FD047-9C5D-53A6-41D7-A5AEE8A93FD1}.Debug|Any CPU.ActiveCfg = Debug|Any CPU
		{D25FD047-9C5D-53A6-41D7-A5AEE8A93FD1}.Debug|Any CPU.Build.0 = Debug|Any CPU
		{D25FD047-9C5D-53A6-41D7-A5AEE8A93FD1}.Release|Any CPU.ActiveCfg = Release|Any CPU
		{D25FD047-9C5D-53A6-41D7-A5AEE8A93FD1}.Release|Any CPU.Build.0 = Release|Any CPU
		{808032B1-BE09-B85E-3187-58C0B4263CA3}.Debug|Any CPU.ActiveCfg = Debug|Any CPU
		{808032B1-BE09-B85E-3187-58C0B4263CA3}.Debug|Any CPU.Build.0 = Debug|Any CPU
		{808032B1-BE09-B85E-3187-58C0B4263CA3}.Release|Any CPU.ActiveCfg = Release|Any CPU
		{808032B1-BE09-B85E-3187-58C0B4263CA3}.Release|Any CPU.Build.0 = Release|Any CPU
		{AE13DE20-23DB-EBFE-7B78-C216C04A8F74}.Debug|Any CPU.ActiveCfg = Debug|Any CPU
		{AE13DE20-23DB-EBFE-7B78-C216C04A8F74}.Debug|Any CPU.Build.0 = Debug|Any CPU
		{AE13DE20-23DB-EBFE-7B78-C216C04A8F74}.Release|Any CPU.ActiveCfg = Release|Any CPU
		{AE13DE20-23DB-EBFE-7B78-C216C04A8F74}.Release|Any CPU.Build.0 = Release|Any CPU
		{5A93EC46-A765-85B5-5E29-C6B2027831F6}.Debug|Any CPU.ActiveCfg = Debug|Any CPU
		{5A93EC46-A765-85B5-5E29-C6B2027831F6}.Debug|Any CPU.Build.0 = Debug|Any CPU
		{5A93EC46-A765-85B5-5E29-C6B2027831F6}.Release|Any CPU.ActiveCfg = Release|Any CPU
		{5A93EC46-A765-85B5-5E29-C6B2027831F6}.Release|Any CPU.Build.0 = Release|Any CPU
		{2971DE3A-564A-8176-86E3-E30D5AAA1F88}.Debug|Any CPU.ActiveCfg = Debug|Any CPU
		{2971DE3A-564A-8176-86E3-E30D5AAA1F88}.Debug|Any CPU.Build.0 = Debug|Any CPU
		{2971DE3A-564A-8176-86E3-E30D5AAA1F88}.Release|Any CPU.ActiveCfg = Release|Any CPU
		{2971DE3A-564A-8176-86E3-E30D5AAA1F88}.Release|Any CPU.Build.0 = Release|Any CPU
		{97CCCADF-9104-B331-6A79-09F63E0EB4A3}.Debug|Any CPU.ActiveCfg = Debug|Any CPU
		{97CCCADF-9104-B331-6A79-09F63E0EB4A3}.Debug|Any CPU.Build.0 = Debug|Any CPU
		{97CCCADF-9104-B331-6A79-09F63E0EB4A3}.Release|Any CPU.ActiveCfg = Release|Any CPU
		{97CCCADF-9104-B331-6A79-09F63E0EB4A3}.Release|Any CPU.Build.0 = Release|Any CPU
		{E4517AD3-F86A-64E5-0B62-5AD4F798362D}.Debug|Any CPU.ActiveCfg = Debug|Any CPU
		{E4517AD3-F86A-64E5-0B62-5AD4F798362D}.Debug|Any CPU.Build.0 = Debug|Any CPU
		{E4517AD3-F86A-64E5-0B62-5AD4F798362D}.Release|Any CPU.ActiveCfg = Release|Any CPU
		{E4517AD3-F86A-64E5-0B62-5AD4F798362D}.Release|Any CPU.Build.0 = Release|Any CPU
		{8B44F0F7-5375-FC6D-93FD-387ECBB64CA8}.Debug|Any CPU.ActiveCfg = Debug|Any CPU
		{8B44F0F7-5375-FC6D-93FD-387ECBB64CA8}.Debug|Any CPU.Build.0 = Debug|Any CPU
		{8B44F0F7-5375-FC6D-93FD-387ECBB64CA8}.Release|Any CPU.ActiveCfg = Release|Any CPU
		{8B44F0F7-5375-FC6D-93FD-387ECBB64CA8}.Release|Any CPU.Build.0 = Release|Any CPU
		{D0BA72F9-A687-F4F3-0D8F-944FEBCCC2FE}.Debug|Any CPU.ActiveCfg = Debug|Any CPU
		{D0BA72F9-A687-F4F3-0D8F-944FEBCCC2FE}.Debug|Any CPU.Build.0 = Debug|Any CPU
		{D0BA72F9-A687-F4F3-0D8F-944FEBCCC2FE}.Release|Any CPU.ActiveCfg = Release|Any CPU
		{D0BA72F9-A687-F4F3-0D8F-944FEBCCC2FE}.Release|Any CPU.Build.0 = Release|Any CPU
		{9B5504E5-764A-C8D0-0DA2-20C377F4CBFA}.Debug|Any CPU.ActiveCfg = Debug|Any CPU
		{9B5504E5-764A-C8D0-0DA2-20C377F4CBFA}.Debug|Any CPU.Build.0 = Debug|Any CPU
		{9B5504E5-764A-C8D0-0DA2-20C377F4CBFA}.Release|Any CPU.ActiveCfg = Release|Any CPU
		{9B5504E5-764A-C8D0-0DA2-20C377F4CBFA}.Release|Any CPU.Build.0 = Release|Any CPU
	EndGlobalSection
	GlobalSection(SolutionProperties) = preSolution
		HideSolutionNode = FALSE
	EndGlobalSection
EndGlobal
